
Microsoft Visual Studio Solution File, Format Version 12.00
# Visual Studio Version 16
VisualStudioVersion = 16.0.28922.388
MinimumVisualStudioVersion = 10.0.40219.1
Project("{9A19103F-16F7-4668-BE54-9A1E7A4F7556}") = "ROB.Discord", "ROB.Discord\ROB.Discord.csproj", "{BC309E49-5DE8-4CD1-AE20-1641FAB32AEC}"
EndProject
Project("{9A19103F-16F7-4668-BE54-9A1E7A4F7556}") = "ROB.Core", "ROB.Core\ROB.Core.csproj", "{1DB0814C-F353-409D-9E36-F5502ABFECF9}"
EndProject
Project("{2150E333-8FDC-42A3-9474-1A3956D46DE8}") = "src", "src", "{D64891B0-B886-42B9-A373-D65079CD4B7E}"
EndProject
Project("{2150E333-8FDC-42A3-9474-1A3956D46DE8}") = "Tests", "Tests", "{87072877-B953-4567-9C0C-AF11963ABB0C}"
EndProject
Project("{2150E333-8FDC-42A3-9474-1A3956D46DE8}") = "External Services", "External Services", "{1654ECC8-9881-4765-BD59-C3F75A6E818A}"
EndProject
Project("{2150E333-8FDC-42A3-9474-1A3956D46DE8}") = "Presentation", "Presentation", "{44E2B72F-938A-478A-941E-AC58B003C28E}"
EndProject
Project("{2150E333-8FDC-42A3-9474-1A3956D46DE8}") = "Libraries", "Libraries", "{F660DEFF-33A3-44BA-9B42-568AA9A3232C}"
EndProject
Project("{9A19103F-16F7-4668-BE54-9A1E7A4F7556}") = "ROB.Web", "ROB.Web\ROB.Web.csproj", "{DCB24638-2038-434D-82B3-79BFB24EAEBE}"
EndProject
Project("{FAE04EC0-301F-11D3-BF4B-00C04F79EFBC}") = "ROB.Mobile.Android", "ROB.Mobile\ROB.Mobile.Android\ROB.Mobile.Android.csproj", "{F4794DEB-2E80-4111-864F-304805D2476E}"
EndProject
Project("{FAE04EC0-301F-11D3-BF4B-00C04F79EFBC}") = "ROB.Mobile.iOS", "ROB.Mobile\ROB.Mobile.iOS\ROB.Mobile.iOS.csproj", "{3F578160-F131-4825-ADFA-F472751A6384}"
EndProject
Project("{9A19103F-16F7-4668-BE54-9A1E7A4F7556}") = "ROB.Mobile", "ROB.Mobile\ROB.Mobile\ROB.Mobile.csproj", "{470B10B8-378E-4D9A-9B1E-08901245AB9A}"
EndProject
Project("{2150E333-8FDC-42A3-9474-1A3956D46DE8}") = "Data", "Data", "{56BAD798-2946-4B6F-A115-C4CCC002D584}"
EndProject
Project("{9A19103F-16F7-4668-BE54-9A1E7A4F7556}") = "ROB.Data", "ROB.Data\ROB.Data.csproj", "{70BF0D59-EF0F-42F6-B2B0-47B6E15AB4FF}"
EndProject
Project("{2150E333-8FDC-42A3-9474-1A3956D46DE8}") = "documents", "documents", "{58D881D5-8BCB-497F-A41D-0A27A6F9B801}"
EndProject
Project("{2150E333-8FDC-42A3-9474-1A3956D46DE8}") = "code snippets", "code snippets", "{55C97602-629A-4695-80CF-14D3277514FD}"
	ProjectSection(SolutionItems) = preProject
		ROBCoreSnippets.snippet = ROBCoreSnippets.snippet
		ROBDataSnippets.snippet = ROBDataSnippets.snippet
	EndProjectSection
EndProject
Global
	GlobalSection(SolutionConfigurationPlatforms) = preSolution
		Debug|Any CPU = Debug|Any CPU
		Debug|iPhone = Debug|iPhone
		Debug|iPhoneSimulator = Debug|iPhoneSimulator
		Debug|x64 = Debug|x64
		Debug|x86 = Debug|x86
		Release|Any CPU = Release|Any CPU
		Release|iPhone = Release|iPhone
		Release|iPhoneSimulator = Release|iPhoneSimulator
		Release|x64 = Release|x64
		Release|x86 = Release|x86
	EndGlobalSection
	GlobalSection(ProjectConfigurationPlatforms) = postSolution
		{BC309E49-5DE8-4CD1-AE20-1641FAB32AEC}.Debug|Any CPU.ActiveCfg = Debug|Any CPU
		{BC309E49-5DE8-4CD1-AE20-1641FAB32AEC}.Debug|Any CPU.Build.0 = Debug|Any CPU
		{BC309E49-5DE8-4CD1-AE20-1641FAB32AEC}.Debug|iPhone.ActiveCfg = Debug|Any CPU
		{BC309E49-5DE8-4CD1-AE20-1641FAB32AEC}.Debug|iPhone.Build.0 = Debug|Any CPU
		{BC309E49-5DE8-4CD1-AE20-1641FAB32AEC}.Debug|iPhoneSimulator.ActiveCfg = Debug|Any CPU
		{BC309E49-5DE8-4CD1-AE20-1641FAB32AEC}.Debug|iPhoneSimulator.Build.0 = Debug|Any CPU
		{BC309E49-5DE8-4CD1-AE20-1641FAB32AEC}.Debug|x64.ActiveCfg = Debug|Any CPU
		{BC309E49-5DE8-4CD1-AE20-1641FAB32AEC}.Debug|x64.Build.0 = Debug|Any CPU
		{BC309E49-5DE8-4CD1-AE20-1641FAB32AEC}.Debug|x86.ActiveCfg = Debug|Any CPU
		{BC309E49-5DE8-4CD1-AE20-1641FAB32AEC}.Debug|x86.Build.0 = Debug|Any CPU
		{BC309E49-5DE8-4CD1-AE20-1641FAB32AEC}.Release|Any CPU.ActiveCfg = Release|Any CPU
		{BC309E49-5DE8-4CD1-AE20-1641FAB32AEC}.Release|Any CPU.Build.0 = Release|Any CPU
		{BC309E49-5DE8-4CD1-AE20-1641FAB32AEC}.Release|iPhone.ActiveCfg = Release|Any CPU
		{BC309E49-5DE8-4CD1-AE20-1641FAB32AEC}.Release|iPhone.Build.0 = Release|Any CPU
		{BC309E49-5DE8-4CD1-AE20-1641FAB32AEC}.Release|iPhoneSimulator.ActiveCfg = Release|Any CPU
		{BC309E49-5DE8-4CD1-AE20-1641FAB32AEC}.Release|iPhoneSimulator.Build.0 = Release|Any CPU
		{BC309E49-5DE8-4CD1-AE20-1641FAB32AEC}.Release|x64.ActiveCfg = Release|Any CPU
		{BC309E49-5DE8-4CD1-AE20-1641FAB32AEC}.Release|x64.Build.0 = Release|Any CPU
		{BC309E49-5DE8-4CD1-AE20-1641FAB32AEC}.Release|x86.ActiveCfg = Release|Any CPU
		{BC309E49-5DE8-4CD1-AE20-1641FAB32AEC}.Release|x86.Build.0 = Release|Any CPU
		{1DB0814C-F353-409D-9E36-F5502ABFECF9}.Debug|Any CPU.ActiveCfg = Debug|Any CPU
		{1DB0814C-F353-409D-9E36-F5502ABFECF9}.Debug|Any CPU.Build.0 = Debug|Any CPU
		{1DB0814C-F353-409D-9E36-F5502ABFECF9}.Debug|iPhone.ActiveCfg = Debug|Any CPU
		{1DB0814C-F353-409D-9E36-F5502ABFECF9}.Debug|iPhone.Build.0 = Debug|Any CPU
		{1DB0814C-F353-409D-9E36-F5502ABFECF9}.Debug|iPhoneSimulator.ActiveCfg = Debug|Any CPU
		{1DB0814C-F353-409D-9E36-F5502ABFECF9}.Debug|iPhoneSimulator.Build.0 = Debug|Any CPU
		{1DB0814C-F353-409D-9E36-F5502ABFECF9}.Debug|x64.ActiveCfg = Debug|Any CPU
		{1DB0814C-F353-409D-9E36-F5502ABFECF9}.Debug|x64.Build.0 = Debug|Any CPU
		{1DB0814C-F353-409D-9E36-F5502ABFECF9}.Debug|x86.ActiveCfg = Debug|Any CPU
		{1DB0814C-F353-409D-9E36-F5502ABFECF9}.Debug|x86.Build.0 = Debug|Any CPU
		{1DB0814C-F353-409D-9E36-F5502ABFECF9}.Release|Any CPU.ActiveCfg = Release|Any CPU
		{1DB0814C-F353-409D-9E36-F5502ABFECF9}.Release|Any CPU.Build.0 = Release|Any CPU
		{1DB0814C-F353-409D-9E36-F5502ABFECF9}.Release|iPhone.ActiveCfg = Release|Any CPU
		{1DB0814C-F353-409D-9E36-F5502ABFECF9}.Release|iPhone.Build.0 = Release|Any CPU
		{1DB0814C-F353-409D-9E36-F5502ABFECF9}.Release|iPhoneSimulator.ActiveCfg = Release|Any CPU
		{1DB0814C-F353-409D-9E36-F5502ABFECF9}.Release|iPhoneSimulator.Build.0 = Release|Any CPU
		{1DB0814C-F353-409D-9E36-F5502ABFECF9}.Release|x64.ActiveCfg = Release|Any CPU
		{1DB0814C-F353-409D-9E36-F5502ABFECF9}.Release|x64.Build.0 = Release|Any CPU
		{1DB0814C-F353-409D-9E36-F5502ABFECF9}.Release|x86.ActiveCfg = Release|Any CPU
		{1DB0814C-F353-409D-9E36-F5502ABFECF9}.Release|x86.Build.0 = Release|Any CPU
		{DCB24638-2038-434D-82B3-79BFB24EAEBE}.Debug|Any CPU.ActiveCfg = Debug|Any CPU
		{DCB24638-2038-434D-82B3-79BFB24EAEBE}.Debug|Any CPU.Build.0 = Debug|Any CPU
		{DCB24638-2038-434D-82B3-79BFB24EAEBE}.Debug|iPhone.ActiveCfg = Debug|Any CPU
		{DCB24638-2038-434D-82B3-79BFB24EAEBE}.Debug|iPhone.Build.0 = Debug|Any CPU
		{DCB24638-2038-434D-82B3-79BFB24EAEBE}.Debug|iPhoneSimulator.ActiveCfg = Debug|Any CPU
		{DCB24638-2038-434D-82B3-79BFB24EAEBE}.Debug|iPhoneSimulator.Build.0 = Debug|Any CPU
		{DCB24638-2038-434D-82B3-79BFB24EAEBE}.Debug|x64.ActiveCfg = Debug|Any CPU
		{DCB24638-2038-434D-82B3-79BFB24EAEBE}.Debug|x64.Build.0 = Debug|Any CPU
		{DCB24638-2038-434D-82B3-79BFB24EAEBE}.Debug|x86.ActiveCfg = Debug|Any CPU
		{DCB24638-2038-434D-82B3-79BFB24EAEBE}.Debug|x86.Build.0 = Debug|Any CPU
		{DCB24638-2038-434D-82B3-79BFB24EAEBE}.Release|Any CPU.ActiveCfg = Release|Any CPU
		{DCB24638-2038-434D-82B3-79BFB24EAEBE}.Release|Any CPU.Build.0 = Release|Any CPU
		{DCB24638-2038-434D-82B3-79BFB24EAEBE}.Release|iPhone.ActiveCfg = Release|Any CPU
		{DCB24638-2038-434D-82B3-79BFB24EAEBE}.Release|iPhone.Build.0 = Release|Any CPU
		{DCB24638-2038-434D-82B3-79BFB24EAEBE}.Release|iPhoneSimulator.ActiveCfg = Release|Any CPU
		{DCB24638-2038-434D-82B3-79BFB24EAEBE}.Release|iPhoneSimulator.Build.0 = Release|Any CPU
		{DCB24638-2038-434D-82B3-79BFB24EAEBE}.Release|x64.ActiveCfg = Release|Any CPU
		{DCB24638-2038-434D-82B3-79BFB24EAEBE}.Release|x64.Build.0 = Release|Any CPU
		{DCB24638-2038-434D-82B3-79BFB24EAEBE}.Release|x86.ActiveCfg = Release|Any CPU
		{DCB24638-2038-434D-82B3-79BFB24EAEBE}.Release|x86.Build.0 = Release|Any CPU
		{F4794DEB-2E80-4111-864F-304805D2476E}.Debug|Any CPU.ActiveCfg = Debug|Any CPU
		{F4794DEB-2E80-4111-864F-304805D2476E}.Debug|Any CPU.Build.0 = Debug|Any CPU
		{F4794DEB-2E80-4111-864F-304805D2476E}.Debug|Any CPU.Deploy.0 = Debug|Any CPU
		{F4794DEB-2E80-4111-864F-304805D2476E}.Debug|iPhone.ActiveCfg = Debug|Any CPU
		{F4794DEB-2E80-4111-864F-304805D2476E}.Debug|iPhone.Build.0 = Debug|Any CPU
		{F4794DEB-2E80-4111-864F-304805D2476E}.Debug|iPhone.Deploy.0 = Debug|Any CPU
		{F4794DEB-2E80-4111-864F-304805D2476E}.Debug|iPhoneSimulator.ActiveCfg = Debug|Any CPU
		{F4794DEB-2E80-4111-864F-304805D2476E}.Debug|iPhoneSimulator.Build.0 = Debug|Any CPU
		{F4794DEB-2E80-4111-864F-304805D2476E}.Debug|iPhoneSimulator.Deploy.0 = Debug|Any CPU
		{F4794DEB-2E80-4111-864F-304805D2476E}.Debug|x64.ActiveCfg = Debug|Any CPU
		{F4794DEB-2E80-4111-864F-304805D2476E}.Debug|x64.Build.0 = Debug|Any CPU
		{F4794DEB-2E80-4111-864F-304805D2476E}.Debug|x64.Deploy.0 = Debug|Any CPU
		{F4794DEB-2E80-4111-864F-304805D2476E}.Debug|x86.ActiveCfg = Debug|Any CPU
		{F4794DEB-2E80-4111-864F-304805D2476E}.Debug|x86.Build.0 = Debug|Any CPU
		{F4794DEB-2E80-4111-864F-304805D2476E}.Debug|x86.Deploy.0 = Debug|Any CPU
		{F4794DEB-2E80-4111-864F-304805D2476E}.Release|Any CPU.ActiveCfg = Release|Any CPU
		{F4794DEB-2E80-4111-864F-304805D2476E}.Release|Any CPU.Build.0 = Release|Any CPU
		{F4794DEB-2E80-4111-864F-304805D2476E}.Release|Any CPU.Deploy.0 = Release|Any CPU
		{F4794DEB-2E80-4111-864F-304805D2476E}.Release|iPhone.ActiveCfg = Release|Any CPU
		{F4794DEB-2E80-4111-864F-304805D2476E}.Release|iPhone.Build.0 = Release|Any CPU
		{F4794DEB-2E80-4111-864F-304805D2476E}.Release|iPhone.Deploy.0 = Release|Any CPU
		{F4794DEB-2E80-4111-864F-304805D2476E}.Release|iPhoneSimulator.ActiveCfg = Release|Any CPU
		{F4794DEB-2E80-4111-864F-304805D2476E}.Release|iPhoneSimulator.Build.0 = Release|Any CPU
		{F4794DEB-2E80-4111-864F-304805D2476E}.Release|iPhoneSimulator.Deploy.0 = Release|Any CPU
		{F4794DEB-2E80-4111-864F-304805D2476E}.Release|x64.ActiveCfg = Release|Any CPU
		{F4794DEB-2E80-4111-864F-304805D2476E}.Release|x64.Build.0 = Release|Any CPU
		{F4794DEB-2E80-4111-864F-304805D2476E}.Release|x64.Deploy.0 = Release|Any CPU
		{F4794DEB-2E80-4111-864F-304805D2476E}.Release|x86.ActiveCfg = Release|Any CPU
		{F4794DEB-2E80-4111-864F-304805D2476E}.Release|x86.Build.0 = Release|Any CPU
		{F4794DEB-2E80-4111-864F-304805D2476E}.Release|x86.Deploy.0 = Release|Any CPU
		{3F578160-F131-4825-ADFA-F472751A6384}.Debug|Any CPU.ActiveCfg = Debug|iPhone
		{3F578160-F131-4825-ADFA-F472751A6384}.Debug|iPhone.ActiveCfg = Debug|iPhone
		{3F578160-F131-4825-ADFA-F472751A6384}.Debug|iPhone.Build.0 = Debug|iPhone
		{3F578160-F131-4825-ADFA-F472751A6384}.Debug|iPhoneSimulator.ActiveCfg = Debug|iPhoneSimulator
		{3F578160-F131-4825-ADFA-F472751A6384}.Debug|iPhoneSimulator.Build.0 = Debug|iPhoneSimulator
		{3F578160-F131-4825-ADFA-F472751A6384}.Debug|x64.ActiveCfg = Debug|iPhone
		{3F578160-F131-4825-ADFA-F472751A6384}.Debug|x86.ActiveCfg = Debug|iPhone
		{3F578160-F131-4825-ADFA-F472751A6384}.Release|Any CPU.ActiveCfg = Release|iPhone
		{3F578160-F131-4825-ADFA-F472751A6384}.Release|iPhone.ActiveCfg = Release|iPhone
		{3F578160-F131-4825-ADFA-F472751A6384}.Release|iPhone.Build.0 = Release|iPhone
		{3F578160-F131-4825-ADFA-F472751A6384}.Release|iPhoneSimulator.ActiveCfg = Release|iPhoneSimulator
		{3F578160-F131-4825-ADFA-F472751A6384}.Release|iPhoneSimulator.Build.0 = Release|iPhoneSimulator
		{3F578160-F131-4825-ADFA-F472751A6384}.Release|x64.ActiveCfg = Release|iPhone
		{3F578160-F131-4825-ADFA-F472751A6384}.Release|x86.ActiveCfg = Release|iPhone
		{470B10B8-378E-4D9A-9B1E-08901245AB9A}.Debug|Any CPU.ActiveCfg = Debug|Any CPU
		{470B10B8-378E-4D9A-9B1E-08901245AB9A}.Debug|Any CPU.Build.0 = Debug|Any CPU
		{470B10B8-378E-4D9A-9B1E-08901245AB9A}.Debug|iPhone.ActiveCfg = Debug|Any CPU
		{470B10B8-378E-4D9A-9B1E-08901245AB9A}.Debug|iPhone.Build.0 = Debug|Any CPU
		{470B10B8-378E-4D9A-9B1E-08901245AB9A}.Debug|iPhoneSimulator.ActiveCfg = Debug|Any CPU
		{470B10B8-378E-4D9A-9B1E-08901245AB9A}.Debug|iPhoneSimulator.Build.0 = Debug|Any CPU
		{470B10B8-378E-4D9A-9B1E-08901245AB9A}.Debug|x64.ActiveCfg = Debug|Any CPU
		{470B10B8-378E-4D9A-9B1E-08901245AB9A}.Debug|x64.Build.0 = Debug|Any CPU
		{470B10B8-378E-4D9A-9B1E-08901245AB9A}.Debug|x86.ActiveCfg = Debug|Any CPU
		{470B10B8-378E-4D9A-9B1E-08901245AB9A}.Debug|x86.Build.0 = Debug|Any CPU
		{470B10B8-378E-4D9A-9B1E-08901245AB9A}.Release|Any CPU.ActiveCfg = Release|Any CPU
		{470B10B8-378E-4D9A-9B1E-08901245AB9A}.Release|Any CPU.Build.0 = Release|Any CPU
		{470B10B8-378E-4D9A-9B1E-08901245AB9A}.Release|iPhone.ActiveCfg = Release|Any CPU
		{470B10B8-378E-4D9A-9B1E-08901245AB9A}.Release|iPhone.Build.0 = Release|Any CPU
		{470B10B8-378E-4D9A-9B1E-08901245AB9A}.Release|iPhoneSimulator.ActiveCfg = Release|Any CPU
		{470B10B8-378E-4D9A-9B1E-08901245AB9A}.Release|iPhoneSimulator.Build.0 = Release|Any CPU
		{470B10B8-378E-4D9A-9B1E-08901245AB9A}.Release|x64.ActiveCfg = Release|Any CPU
		{470B10B8-378E-4D9A-9B1E-08901245AB9A}.Release|x64.Build.0 = Release|Any CPU
		{470B10B8-378E-4D9A-9B1E-08901245AB9A}.Release|x86.ActiveCfg = Release|Any CPU
		{470B10B8-378E-4D9A-9B1E-08901245AB9A}.Release|x86.Build.0 = Release|Any CPU
		{70BF0D59-EF0F-42F6-B2B0-47B6E15AB4FF}.Debug|Any CPU.ActiveCfg = Debug|Any CPU
		{70BF0D59-EF0F-42F6-B2B0-47B6E15AB4FF}.Debug|Any CPU.Build.0 = Debug|Any CPU
		{70BF0D59-EF0F-42F6-B2B0-47B6E15AB4FF}.Debug|iPhone.ActiveCfg = Debug|Any CPU
		{70BF0D59-EF0F-42F6-B2B0-47B6E15AB4FF}.Debug|iPhone.Build.0 = Debug|Any CPU
		{70BF0D59-EF0F-42F6-B2B0-47B6E15AB4FF}.Debug|iPhoneSimulator.ActiveCfg = Debug|Any CPU
		{70BF0D59-EF0F-42F6-B2B0-47B6E15AB4FF}.Debug|iPhoneSimulator.Build.0 = Debug|Any CPU
		{70BF0D59-EF0F-42F6-B2B0-47B6E15AB4FF}.Debug|x64.ActiveCfg = Debug|Any CPU
		{70BF0D59-EF0F-42F6-B2B0-47B6E15AB4FF}.Debug|x64.Build.0 = Debug|Any CPU
		{70BF0D59-EF0F-42F6-B2B0-47B6E15AB4FF}.Debug|x86.ActiveCfg = Debug|Any CPU
		{70BF0D59-EF0F-42F6-B2B0-47B6E15AB4FF}.Debug|x86.Build.0 = Debug|Any CPU
		{70BF0D59-EF0F-42F6-B2B0-47B6E15AB4FF}.Release|Any CPU.ActiveCfg = Release|Any CPU
		{70BF0D59-EF0F-42F6-B2B0-47B6E15AB4FF}.Release|Any CPU.Build.0 = Release|Any CPU
		{70BF0D59-EF0F-42F6-B2B0-47B6E15AB4FF}.Release|iPhone.ActiveCfg = Release|Any CPU
		{70BF0D59-EF0F-42F6-B2B0-47B6E15AB4FF}.Release|iPhone.Build.0 = Release|Any CPU
		{70BF0D59-EF0F-42F6-B2B0-47B6E15AB4FF}.Release|iPhoneSimulator.ActiveCfg = Release|Any CPU
		{70BF0D59-EF0F-42F6-B2B0-47B6E15AB4FF}.Release|iPhoneSimulator.Build.0 = Release|Any CPU
		{70BF0D59-EF0F-42F6-B2B0-47B6E15AB4FF}.Release|x64.ActiveCfg = Release|Any CPU
		{70BF0D59-EF0F-42F6-B2B0-47B6E15AB4FF}.Release|x64.Build.0 = Release|Any CPU
		{70BF0D59-EF0F-42F6-B2B0-47B6E15AB4FF}.Release|x86.ActiveCfg = Release|Any CPU
		{70BF0D59-EF0F-42F6-B2B0-47B6E15AB4FF}.Release|x86.Build.0 = Release|Any CPU
	EndGlobalSection
	GlobalSection(SolutionProperties) = preSolution
		HideSolutionNode = FALSE
	EndGlobalSection
	GlobalSection(NestedProjects) = preSolution
		{BC309E49-5DE8-4CD1-AE20-1641FAB32AEC} = {1654ECC8-9881-4765-BD59-C3F75A6E818A}
		{1DB0814C-F353-409D-9E36-F5502ABFECF9} = {F660DEFF-33A3-44BA-9B42-568AA9A3232C}
		{87072877-B953-4567-9C0C-AF11963ABB0C} = {D64891B0-B886-42B9-A373-D65079CD4B7E}
		{1654ECC8-9881-4765-BD59-C3F75A6E818A} = {D64891B0-B886-42B9-A373-D65079CD4B7E}
		{44E2B72F-938A-478A-941E-AC58B003C28E} = {D64891B0-B886-42B9-A373-D65079CD4B7E}
		{F660DEFF-33A3-44BA-9B42-568AA9A3232C} = {D64891B0-B886-42B9-A373-D65079CD4B7E}
		{DCB24638-2038-434D-82B3-79BFB24EAEBE} = {44E2B72F-938A-478A-941E-AC58B003C28E}
		{F4794DEB-2E80-4111-864F-304805D2476E} = {44E2B72F-938A-478A-941E-AC58B003C28E}
		{3F578160-F131-4825-ADFA-F472751A6384} = {44E2B72F-938A-478A-941E-AC58B003C28E}
		{470B10B8-378E-4D9A-9B1E-08901245AB9A} = {44E2B72F-938A-478A-941E-AC58B003C28E}
		{56BAD798-2946-4B6F-A115-C4CCC002D584} = {D64891B0-B886-42B9-A373-D65079CD4B7E}
		{70BF0D59-EF0F-42F6-B2B0-47B6E15AB4FF} = {56BAD798-2946-4B6F-A115-C4CCC002D584}
		{55C97602-629A-4695-80CF-14D3277514FD} = {58D881D5-8BCB-497F-A41D-0A27A6F9B801}
	EndGlobalSection
	GlobalSection(ExtensibilityGlobals) = postSolution
		SolutionGuid = {B5BFBC86-1170-4AC3-B059-0F4B24A86E53}
	EndGlobalSection
EndGlobal
